
Microsoft Visual Studio Solution File, Format Version 12.00
# Visual Studio Version 16
VisualStudioVersion = 16.0.32126.315
MinimumVisualStudioVersion = 10.0.40219.1
Project("{FAE04EC0-301F-11D3-BF4B-00C04F79EFBC}") = "PM02E10249.Android", "PM02E10249\PM02E10249.Android\PM02E10249.Android.csproj", "{235553FD-66CC-4940-B9C4-C73D3C83E476}"
EndProject
Project("{FAE04EC0-301F-11D3-BF4B-00C04F79EFBC}") = "PM02E10249", "PM02E10249\PM02E10249\PM02E10249.csproj", "{87DFA01F-6712-4199-AFDC-4908680277DB}"
EndProject
Global
	GlobalSection(SolutionConfigurationPlatforms) = preSolution
		Debug|Any CPU = Debug|Any CPU
		Release|Any CPU = Release|Any CPU
	EndGlobalSection
	GlobalSection(ProjectConfigurationPlatforms) = postSolution
		{235553FD-66CC-4940-B9C4-C73D3C83E476}.Debug|Any CPU.ActiveCfg = Debug|Any CPU
		{235553FD-66CC-4940-B9C4-C73D3C83E476}.Debug|Any CPU.Build.0 = Debug|Any CPU
		{235553FD-66CC-4940-B9C4-C73D3C83E476}.Debug|Any CPU.Deploy.0 = Debug|Any CPU
		{235553FD-66CC-4940-B9C4-C73D3C83E476}.Release|Any CPU.ActiveCfg = Release|Any CPU
		{235553FD-66CC-4940-B9C4-C73D3C83E476}.Release|Any CPU.Build.0 = Release|Any CPU
		{235553FD-66CC-4940-B9C4-C73D3C83E476}.Release|Any CPU.Deploy.0 = Release|Any CPU
		{87DFA01F-6712-4199-AFDC-4908680277DB}.Debug|Any CPU.ActiveCfg = Debug|Any CPU
		{87DFA01F-6712-4199-AFDC-4908680277DB}.Debug|Any CPU.Build.0 = Debug|Any CPU
		{87DFA01F-6712-4199-AFDC-4908680277DB}.Debug|Any CPU.Deploy.0 = Debug|Any CPU
		{87DFA01F-6712-4199-AFDC-4908680277DB}.Release|Any CPU.ActiveCfg = Release|Any CPU
		{87DFA01F-6712-4199-AFDC-4908680277DB}.Release|Any CPU.Build.0 = Release|Any CPU
		{87DFA01F-6712-4199-AFDC-4908680277DB}.Release|Any CPU.Deploy.0 = Release|Any CPU
	EndGlobalSection
	GlobalSection(SolutionProperties) = preSolution
		HideSolutionNode = FALSE
	EndGlobalSection
	GlobalSection(ExtensibilityGlobals) = postSolution
		SolutionGuid = {2E4A48F5-C70D-43B8-9F7B-1B1C1B383AD3}
	EndGlobalSection
EndGlobal
